
Microsoft Visual Studio Solution File, Format Version 12.00
# Visual Studio 15
VisualStudioVersion = 15.0.28307.572
MinimumVisualStudioVersion = 10.0.40219.1
Project("{FAE04EC0-301F-11D3-BF4B-00C04F79EFBC}") = "KafeKod", "KafeKod\KafeKod.csproj", "{8905696D-A5F6-435F-B55D-BFBA9CFB8700}"
EndProject
Global
	GlobalSection(SolutionConfigurationPlatforms) = preSolution
		Debug|Any CPU = Debug|Any CPU
		Release|Any CPU = Release|Any CPU
	EndGlobalSection
	GlobalSection(ProjectConfigurationPlatforms) = postSolution
		{8905696D-A5F6-435F-B55D-BFBA9CFB8700}.Debug|Any CPU.ActiveCfg = Debug|Any CPU
		{8905696D-A5F6-435F-B55D-BFBA9CFB8700}.Debug|Any CPU.Build.0 = Debug|Any CPU
		{8905696D-A5F6-435F-B55D-BFBA9CFB8700}.Release|Any CPU.ActiveCfg = Release|Any CPU
		{8905696D-A5F6-435F-B55D-BFBA9CFB8700}.Release|Any CPU.Build.0 = Release|Any CPU
	EndGlobalSection
	GlobalSection(SolutionProperties) = preSolution
		HideSolutionNode = FALSE
	EndGlobalSection
	GlobalSection(ExtensibilityGlobals) = postSolution
		SolutionGuid = {73C0E58C-D0A3-4BCA-AC30-D5D31ABA3E61}
	EndGlobalSection
EndGlobal
